
Microsoft Visual Studio Solution File, Format Version 12.00
# Visual Studio Version 17
VisualStudioVersion = 17.8.34316.72
MinimumVisualStudioVersion = 10.0.40219.1
Project("{9A19103F-16F7-4668-BE54-9A1E7A4F7556}") = "ConditionalLoops", "ConditionalLoops\ConditionalLoops.csproj", "{9900D268-FBC3-4583-A271-678150DABA9B}"
EndProject
Global
	GlobalSection(SolutionConfigurationPlatforms) = preSolution
		Debug|Any CPU = Debug|Any CPU
		Release|Any CPU = Release|Any CPU
	EndGlobalSection
	GlobalSection(ProjectConfigurationPlatforms) = postSolution
		{9900D268-FBC3-4583-A271-678150DABA9B}.Debug|Any CPU.ActiveCfg = Debug|Any CPU
		{9900D268-FBC3-4583-A271-678150DABA9B}.Debug|Any CPU.Build.0 = Debug|Any CPU
		{9900D268-FBC3-4583-A271-678150DABA9B}.Release|Any CPU.ActiveCfg = Release|Any CPU
		{9900D268-FBC3-4583-A271-678150DABA9B}.Release|Any CPU.Build.0 = Release|Any CPU
	EndGlobalSection
	GlobalSection(SolutionProperties) = preSolution
		HideSolutionNode = FALSE
	EndGlobalSection
	GlobalSection(ExtensibilityGlobals) = postSolution
		SolutionGuid = {7DE3CBE8-C7F0-4F2D-9CB2-995DBC5E6F23}
	EndGlobalSection
EndGlobal
